
Microsoft Visual Studio Solution File, Format Version 12.00
# Visual Studio Version 17
VisualStudioVersion = 17.5.33502.453
MinimumVisualStudioVersion = 10.0.40219.1
Project("{FAE04EC0-301F-11D3-BF4B-00C04F79EFBC}") = "mmdBuilder", "mmdBuilder\mmdBuilder.csproj", "{1F81413F-8F0C-4AE0-A89F-F83E490E34FA}"
EndProject
Global
	GlobalSection(SolutionConfigurationPlatforms) = preSolution
		Debug|Any CPU = Debug|Any CPU
		Release|Any CPU = Release|Any CPU
	EndGlobalSection
	GlobalSection(ProjectConfigurationPlatforms) = postSolution
		{1F81413F-8F0C-4AE0-A89F-F83E490E34FA}.Debug|Any CPU.ActiveCfg = Debug|Any CPU
		{1F81413F-8F0C-4AE0-A89F-F83E490E34FA}.Debug|Any CPU.Build.0 = Debug|Any CPU
		{1F81413F-8F0C-4AE0-A89F-F83E490E34FA}.Release|Any CPU.ActiveCfg = Release|Any CPU
		{1F81413F-8F0C-4AE0-A89F-F83E490E34FA}.Release|Any CPU.Build.0 = Release|Any CPU
	EndGlobalSection
	GlobalSection(SolutionProperties) = preSolution
		HideSolutionNode = FALSE
	EndGlobalSection
	GlobalSection(ExtensibilityGlobals) = postSolution
		SolutionGuid = {112BBFD4-52F2-4FA7-B878-E9E95B215A6A}
	EndGlobalSection
EndGlobal
